
Microsoft Visual Studio Solution File, Format Version 12.00
# Visual Studio Version 17
VisualStudioVersion = 17.5.002.0
MinimumVisualStudioVersion = 10.0.40219.1
Project("{9A19103F-16F7-4668-BE54-9A1E7A4F7556}") = "Ex10dz2", "Ex10dz2\Ex10dz2.csproj", "{1C77FACD-2453-4FF6-813C-C2474736B4FB}"
EndProject
Project("{9A19103F-16F7-4668-BE54-9A1E7A4F7556}") = "Ex13dz2", "Ex13dz2\Ex13dz2.csproj", "{5F789883-CCE5-4B21-83D4-9F497D36F236}"
EndProject
Project("{9A19103F-16F7-4668-BE54-9A1E7A4F7556}") = "Ex15dz2", "Ex15dz2\Ex15dz2.csproj", "{915A5C28-6996-4CD3-B998-3175677C4A96}"
EndProject
Project("{9A19103F-16F7-4668-BE54-9A1E7A4F7556}") = "Ex19dz3", "Ex19dz3\Ex19dz3.csproj", "{45BA4889-6720-4342-A493-4C5ECC3218DC}"
EndProject
Project("{9A19103F-16F7-4668-BE54-9A1E7A4F7556}") = "Ex2", "Ex2\Ex2.csproj", "{166750E2-2658-4B31-9263-2B22C2DA35C4}"
EndProject
Project("{9A19103F-16F7-4668-BE54-9A1E7A4F7556}") = "Ex21dz3", "Ex21dz3\Ex21dz3.csproj", "{41922624-3400-4DEB-84A6-6E0B3392AB29}"
EndProject
Project("{9A19103F-16F7-4668-BE54-9A1E7A4F7556}") = "Ex23dz3", "Ex23dz3\Ex23dz3.csproj", "{7090575A-186A-4373-8822-6D12ED3027CE}"
EndProject
Project("{9A19103F-16F7-4668-BE54-9A1E7A4F7556}") = "Ex25dz4", "Ex25dz4\Ex25dz4.csproj", "{D4485ECD-4DC0-48F8-AEEE-E90640D241EE}"
EndProject
Project("{9A19103F-16F7-4668-BE54-9A1E7A4F7556}") = "Ex27dz3", "Ex27dz4\Ex27dz3.csproj", "{BADFF8D7-C506-4BCD-870B-FBC9B766534E}"
EndProject
Project("{9A19103F-16F7-4668-BE54-9A1E7A4F7556}") = "Ex29dz4", "Ex29dz4\Ex29dz4.csproj", "{AC665EAE-8FDA-496C-AC2D-ABD7125593AC}"
EndProject
Project("{9A19103F-16F7-4668-BE54-9A1E7A4F7556}") = "Ex34dz5", "Ex34dz5\Ex34dz5.csproj", "{AB32BD73-63CB-4D47-9088-75824E9D2BA1}"
EndProject
Project("{9A19103F-16F7-4668-BE54-9A1E7A4F7556}") = "Ex36dz5", "Ex36dz5\Ex36dz5.csproj", "{9332480C-CE52-4666-B497-267040079BA9}"
EndProject
Project("{9A19103F-16F7-4668-BE54-9A1E7A4F7556}") = "Ex38dz5", "Ex38dz5\Ex38dz5.csproj", "{28C21FFF-6D22-44A3-B324-1397FDBE6263}"
EndProject
Project("{9A19103F-16F7-4668-BE54-9A1E7A4F7556}") = "Ex4", "Ex4\Ex4.csproj", "{2F2E186A-1CE8-409D-8374-831366B9C163}"
EndProject
Project("{9A19103F-16F7-4668-BE54-9A1E7A4F7556}") = "Ex41dz6", "Ex41dz6\Ex41dz6.csproj", "{A212CD58-872C-4BD0-853F-739AB63E9A94}"
EndProject
Project("{9A19103F-16F7-4668-BE54-9A1E7A4F7556}") = "Ex43dz6", "Ex43dz6\Ex43dz6.csproj", "{52420B47-96B6-45AB-AC94-CD118157282B}"
EndProject
Project("{9A19103F-16F7-4668-BE54-9A1E7A4F7556}") = "Ex6", "Ex6\Ex6.csproj", "{1FD423D0-190E-45BC-AA2D-6CB3D4611D6B}"
EndProject
Project("{9A19103F-16F7-4668-BE54-9A1E7A4F7556}") = "Ex8", "Ex8\Ex8.csproj", "{4F8724AD-1D09-4B17-B08F-90D0E2CE395D}"
EndProject
Project("{9A19103F-16F7-4668-BE54-9A1E7A4F7556}") = "Ex47dz7", "Ex47dz7\Ex47dz7.csproj", "{12EF9425-3DCE-49DD-B59E-95DC1F27D44D}"
EndProject
Project("{9A19103F-16F7-4668-BE54-9A1E7A4F7556}") = "Ex50dz7", "Ex50dz7\Ex50dz7.csproj", "{196BA368-BAEB-49A6-B325-B0D4F22CFBA9}"
EndProject
Project("{9A19103F-16F7-4668-BE54-9A1E7A4F7556}") = "Ex52dz7", "Ex52dz7\Ex52dz7.csproj", "{21DACD28-414F-4F24-A6F1-12C571BA41F2}"
EndProject
Project("{9A19103F-16F7-4668-BE54-9A1E7A4F7556}") = "Ex54dz8", "Ex54dz8\Ex54dz8.csproj", "{F7889793-E904-4D22-93B9-3C9587E21610}"
EndProject
Project("{9A19103F-16F7-4668-BE54-9A1E7A4F7556}") = "Ex58dz8", "Ex58dz8\Ex58dz8.csproj", "{C73B6EB5-B0DA-4123-B539-2BA7E2A28CF0}"
EndProject
Global
	GlobalSection(SolutionConfigurationPlatforms) = preSolution
		Debug|Any CPU = Debug|Any CPU
		Release|Any CPU = Release|Any CPU
	EndGlobalSection
	GlobalSection(ProjectConfigurationPlatforms) = postSolution
		{1C77FACD-2453-4FF6-813C-C2474736B4FB}.Debug|Any CPU.ActiveCfg = Debug|Any CPU
		{1C77FACD-2453-4FF6-813C-C2474736B4FB}.Debug|Any CPU.Build.0 = Debug|Any CPU
		{1C77FACD-2453-4FF6-813C-C2474736B4FB}.Release|Any CPU.ActiveCfg = Release|Any CPU
		{1C77FACD-2453-4FF6-813C-C2474736B4FB}.Release|Any CPU.Build.0 = Release|Any CPU
		{5F789883-CCE5-4B21-83D4-9F497D36F236}.Debug|Any CPU.ActiveCfg = Debug|Any CPU
		{5F789883-CCE5-4B21-83D4-9F497D36F236}.Debug|Any CPU.Build.0 = Debug|Any CPU
		{5F789883-CCE5-4B21-83D4-9F497D36F236}.Release|Any CPU.ActiveCfg = Release|Any CPU
		{5F789883-CCE5-4B21-83D4-9F497D36F236}.Release|Any CPU.Build.0 = Release|Any CPU
		{915A5C28-6996-4CD3-B998-3175677C4A96}.Debug|Any CPU.ActiveCfg = Debug|Any CPU
		{915A5C28-6996-4CD3-B998-3175677C4A96}.Debug|Any CPU.Build.0 = Debug|Any CPU
		{915A5C28-6996-4CD3-B998-3175677C4A96}.Release|Any CPU.ActiveCfg = Release|Any CPU
		{915A5C28-6996-4CD3-B998-3175677C4A96}.Release|Any CPU.Build.0 = Release|Any CPU
		{45BA4889-6720-4342-A493-4C5ECC3218DC}.Debug|Any CPU.ActiveCfg = Debug|Any CPU
		{45BA4889-6720-4342-A493-4C5ECC3218DC}.Debug|Any CPU.Build.0 = Debug|Any CPU
		{45BA4889-6720-4342-A493-4C5ECC3218DC}.Release|Any CPU.ActiveCfg = Release|Any CPU
		{45BA4889-6720-4342-A493-4C5ECC3218DC}.Release|Any CPU.Build.0 = Release|Any CPU
		{166750E2-2658-4B31-9263-2B22C2DA35C4}.Debug|Any CPU.ActiveCfg = Debug|Any CPU
		{166750E2-2658-4B31-9263-2B22C2DA35C4}.Debug|Any CPU.Build.0 = Debug|Any CPU
		{166750E2-2658-4B31-9263-2B22C2DA35C4}.Release|Any CPU.ActiveCfg = Release|Any CPU
		{166750E2-2658-4B31-9263-2B22C2DA35C4}.Release|Any CPU.Build.0 = Release|Any CPU
		{41922624-3400-4DEB-84A6-6E0B3392AB29}.Debug|Any CPU.ActiveCfg = Debug|Any CPU
		{41922624-3400-4DEB-84A6-6E0B3392AB29}.Debug|Any CPU.Build.0 = Debug|Any CPU
		{41922624-3400-4DEB-84A6-6E0B3392AB29}.Release|Any CPU.ActiveCfg = Release|Any CPU
		{41922624-3400-4DEB-84A6-6E0B3392AB29}.Release|Any CPU.Build.0 = Release|Any CPU
		{7090575A-186A-4373-8822-6D12ED3027CE}.Debug|Any CPU.ActiveCfg = Debug|Any CPU
		{7090575A-186A-4373-8822-6D12ED3027CE}.Debug|Any CPU.Build.0 = Debug|Any CPU
		{7090575A-186A-4373-8822-6D12ED3027CE}.Release|Any CPU.ActiveCfg = Release|Any CPU
		{7090575A-186A-4373-8822-6D12ED3027CE}.Release|Any CPU.Build.0 = Release|Any CPU
		{D4485ECD-4DC0-48F8-AEEE-E90640D241EE}.Debug|Any CPU.ActiveCfg = Debug|Any CPU
		{D4485ECD-4DC0-48F8-AEEE-E90640D241EE}.Debug|Any CPU.Build.0 = Debug|Any CPU
		{D4485ECD-4DC0-48F8-AEEE-E90640D241EE}.Release|Any CPU.ActiveCfg = Release|Any CPU
		{D4485ECD-4DC0-48F8-AEEE-E90640D241EE}.Release|Any CPU.Build.0 = Release|Any CPU
		{BADFF8D7-C506-4BCD-870B-FBC9B766534E}.Debug|Any CPU.ActiveCfg = Debug|Any CPU
		{BADFF8D7-C506-4BCD-870B-FBC9B766534E}.Debug|Any CPU.Build.0 = Debug|Any CPU
		{BADFF8D7-C506-4BCD-870B-FBC9B766534E}.Release|Any CPU.ActiveCfg = Release|Any CPU
		{BADFF8D7-C506-4BCD-870B-FBC9B766534E}.Release|Any CPU.Build.0 = Release|Any CPU
		{AC665EAE-8FDA-496C-AC2D-ABD7125593AC}.Debug|Any CPU.ActiveCfg = Debug|Any CPU
		{AC665EAE-8FDA-496C-AC2D-ABD7125593AC}.Debug|Any CPU.Build.0 = Debug|Any CPU
		{AC665EAE-8FDA-496C-AC2D-ABD7125593AC}.Release|Any CPU.ActiveCfg = Release|Any CPU
		{AC665EAE-8FDA-496C-AC2D-ABD7125593AC}.Release|Any CPU.Build.0 = Release|Any CPU
		{AB32BD73-63CB-4D47-9088-75824E9D2BA1}.Debug|Any CPU.ActiveCfg = Debug|Any CPU
		{AB32BD73-63CB-4D47-9088-75824E9D2BA1}.Debug|Any CPU.Build.0 = Debug|Any CPU
		{AB32BD73-63CB-4D47-9088-75824E9D2BA1}.Release|Any CPU.ActiveCfg = Release|Any CPU
		{AB32BD73-63CB-4D47-9088-75824E9D2BA1}.Release|Any CPU.Build.0 = Release|Any CPU
		{9332480C-CE52-4666-B497-267040079BA9}.Debug|Any CPU.ActiveCfg = Debug|Any CPU
		{9332480C-CE52-4666-B497-267040079BA9}.Debug|Any CPU.Build.0 = Debug|Any CPU
		{9332480C-CE52-4666-B497-267040079BA9}.Release|Any CPU.ActiveCfg = Release|Any CPU
		{9332480C-CE52-4666-B497-267040079BA9}.Release|Any CPU.Build.0 = Release|Any CPU
		{28C21FFF-6D22-44A3-B324-1397FDBE6263}.Debug|Any CPU.ActiveCfg = Debug|Any CPU
		{28C21FFF-6D22-44A3-B324-1397FDBE6263}.Debug|Any CPU.Build.0 = Debug|Any CPU
		{28C21FFF-6D22-44A3-B324-1397FDBE6263}.Release|Any CPU.ActiveCfg = Release|Any CPU
		{28C21FFF-6D22-44A3-B324-1397FDBE6263}.Release|Any CPU.Build.0 = Release|Any CPU
		{2F2E186A-1CE8-409D-8374-831366B9C163}.Debug|Any CPU.ActiveCfg = Debug|Any CPU
		{2F2E186A-1CE8-409D-8374-831366B9C163}.Debug|Any CPU.Build.0 = Debug|Any CPU
		{2F2E186A-1CE8-409D-8374-831366B9C163}.Release|Any CPU.ActiveCfg = Release|Any CPU
		{2F2E186A-1CE8-409D-8374-831366B9C163}.Release|Any CPU.Build.0 = Release|Any CPU
		{A212CD58-872C-4BD0-853F-739AB63E9A94}.Debug|Any CPU.ActiveCfg = Debug|Any CPU
		{A212CD58-872C-4BD0-853F-739AB63E9A94}.Debug|Any CPU.Build.0 = Debug|Any CPU
		{A212CD58-872C-4BD0-853F-739AB63E9A94}.Release|Any CPU.ActiveCfg = Release|Any CPU
		{A212CD58-872C-4BD0-853F-739AB63E9A94}.Release|Any CPU.Build.0 = Release|Any CPU
		{52420B47-96B6-45AB-AC94-CD118157282B}.Debug|Any CPU.ActiveCfg = Debug|Any CPU
		{52420B47-96B6-45AB-AC94-CD118157282B}.Debug|Any CPU.Build.0 = Debug|Any CPU
		{52420B47-96B6-45AB-AC94-CD118157282B}.Release|Any CPU.ActiveCfg = Release|Any CPU
		{52420B47-96B6-45AB-AC94-CD118157282B}.Release|Any CPU.Build.0 = Release|Any CPU
		{1FD423D0-190E-45BC-AA2D-6CB3D4611D6B}.Debug|Any CPU.ActiveCfg = Debug|Any CPU
		{1FD423D0-190E-45BC-AA2D-6CB3D4611D6B}.Debug|Any CPU.Build.0 = Debug|Any CPU
		{1FD423D0-190E-45BC-AA2D-6CB3D4611D6B}.Release|Any CPU.ActiveCfg = Release|Any CPU
		{1FD423D0-190E-45BC-AA2D-6CB3D4611D6B}.Release|Any CPU.Build.0 = Release|Any CPU
		{4F8724AD-1D09-4B17-B08F-90D0E2CE395D}.Debug|Any CPU.ActiveCfg = Debug|Any CPU
		{4F8724AD-1D09-4B17-B08F-90D0E2CE395D}.Debug|Any CPU.Build.0 = Debug|Any CPU
		{4F8724AD-1D09-4B17-B08F-90D0E2CE395D}.Release|Any CPU.ActiveCfg = Release|Any CPU
		{4F8724AD-1D09-4B17-B08F-90D0E2CE395D}.Release|Any CPU.Build.0 = Release|Any CPU
		{12EF9425-3DCE-49DD-B59E-95DC1F27D44D}.Debug|Any CPU.ActiveCfg = Debug|Any CPU
		{12EF9425-3DCE-49DD-B59E-95DC1F27D44D}.Debug|Any CPU.Build.0 = Debug|Any CPU
		{12EF9425-3DCE-49DD-B59E-95DC1F27D44D}.Release|Any CPU.ActiveCfg = Release|Any CPU
		{12EF9425-3DCE-49DD-B59E-95DC1F27D44D}.Release|Any CPU.Build.0 = Release|Any CPU
		{196BA368-BAEB-49A6-B325-B0D4F22CFBA9}.Debug|Any CPU.ActiveCfg = Debug|Any CPU
		{196BA368-BAEB-49A6-B325-B0D4F22CFBA9}.Debug|Any CPU.Build.0 = Debug|Any CPU
		{196BA368-BAEB-49A6-B325-B0D4F22CFBA9}.Release|Any CPU.ActiveCfg = Release|Any CPU
		{196BA368-BAEB-49A6-B325-B0D4F22CFBA9}.Release|Any CPU.Build.0 = Release|Any CPU
		{21DACD28-414F-4F24-A6F1-12C571BA41F2}.Debug|Any CPU.ActiveCfg = Debug|Any CPU
		{21DACD28-414F-4F24-A6F1-12C571BA41F2}.Debug|Any CPU.Build.0 = Debug|Any CPU
		{21DACD28-414F-4F24-A6F1-12C571BA41F2}.Release|Any CPU.ActiveCfg = Release|Any CPU
		{21DACD28-414F-4F24-A6F1-12C571BA41F2}.Release|Any CPU.Build.0 = Release|Any CPU
		{F7889793-E904-4D22-93B9-3C9587E21610}.Debug|Any CPU.ActiveCfg = Debug|Any CPU
		{F7889793-E904-4D22-93B9-3C9587E21610}.Debug|Any CPU.Build.0 = Debug|Any CPU
		{F7889793-E904-4D22-93B9-3C9587E21610}.Release|Any CPU.ActiveCfg = Release|Any CPU
		{F7889793-E904-4D22-93B9-3C9587E21610}.Release|Any CPU.Build.0 = Release|Any CPU
		{C73B6EB5-B0DA-4123-B539-2BA7E2A28CF0}.Debug|Any CPU.ActiveCfg = Debug|Any CPU
		{C73B6EB5-B0DA-4123-B539-2BA7E2A28CF0}.Debug|Any CPU.Build.0 = Debug|Any CPU
		{C73B6EB5-B0DA-4123-B539-2BA7E2A28CF0}.Release|Any CPU.ActiveCfg = Release|Any CPU
		{C73B6EB5-B0DA-4123-B539-2BA7E2A28CF0}.Release|Any CPU.Build.0 = Release|Any CPU
	EndGlobalSection
	GlobalSection(SolutionProperties) = preSolution
		HideSolutionNode = FALSE
	EndGlobalSection
	GlobalSection(ExtensibilityGlobals) = postSolution
		SolutionGuid = {1853BAB7-B04F-457B-9DD2-5A5414EDCB60}
	EndGlobalSection
EndGlobal
