
Microsoft Visual Studio Solution File, Format Version 12.00
# Visual Studio Version 17
VisualStudioVersion = 17.5.002.0
MinimumVisualStudioVersion = 10.0.40219.1
Project("{9A19103F-16F7-4668-BE54-9A1E7A4F7556}") = "Ex10dz2", "Ex10dz2\Ex10dz2.csproj", "{B613AB03-7F95-4E7B-BA3B-54B45C9FBC61}"
EndProject
Project("{9A19103F-16F7-4668-BE54-9A1E7A4F7556}") = "Ex13dz2", "Ex13dz2\Ex13dz2.csproj", "{2D0506F8-B24E-4903-8296-59E18220BB0A}"
EndProject
Project("{9A19103F-16F7-4668-BE54-9A1E7A4F7556}") = "Ex15dz2", "Ex15dz2\Ex15dz2.csproj", "{DD8D92BE-FF56-4DC4-8E6F-EEAEBBA4BC13}"
EndProject
Project("{9A19103F-16F7-4668-BE54-9A1E7A4F7556}") = "Ex19dz3", "Ex19dz3\Ex19dz3.csproj", "{29F5B284-9C48-4939-88C9-3BC3F544C870}"
EndProject
Project("{9A19103F-16F7-4668-BE54-9A1E7A4F7556}") = "Ex2", "Ex2\Ex2.csproj", "{CC6ADD73-1643-483F-935C-0C1D2315A825}"
EndProject
Project("{9A19103F-16F7-4668-BE54-9A1E7A4F7556}") = "Ex21dz3", "Ex21dz3\Ex21dz3.csproj", "{90DBE0BC-510F-4BCE-B787-97BE7206ED8D}"
EndProject
Project("{9A19103F-16F7-4668-BE54-9A1E7A4F7556}") = "Ex23dz3", "Ex23dz3\Ex23dz3.csproj", "{6BCC3BDB-6C62-42F0-AF9D-DFF52705E1AB}"
EndProject
Project("{9A19103F-16F7-4668-BE54-9A1E7A4F7556}") = "Ex25dz4", "Ex25dz4\Ex25dz4.csproj", "{FB57D23C-4003-4306-A5A7-095FF0D94FB0}"
EndProject
Project("{9A19103F-16F7-4668-BE54-9A1E7A4F7556}") = "Ex27dz3", "Ex27dz4\Ex27dz3.csproj", "{A10F92C7-88C9-4F93-BBFE-376BEB3AE9EE}"
EndProject
Project("{9A19103F-16F7-4668-BE54-9A1E7A4F7556}") = "Ex29dz4", "Ex29dz4\Ex29dz4.csproj", "{8AC46C9C-36DC-40C9-9181-9307F8D180BD}"
EndProject
Project("{9A19103F-16F7-4668-BE54-9A1E7A4F7556}") = "Ex34dz5", "Ex34dz5\Ex34dz5.csproj", "{35A396B6-EFAE-4A2F-A026-AF275B8D3B83}"
EndProject
Project("{9A19103F-16F7-4668-BE54-9A1E7A4F7556}") = "Ex36dz5", "Ex36dz5\Ex36dz5.csproj", "{45F2906B-158A-4BD4-AF77-0FBDB692556F}"
EndProject
Project("{9A19103F-16F7-4668-BE54-9A1E7A4F7556}") = "Ex38dz5", "Ex38dz5\Ex38dz5.csproj", "{3128E4C3-7FE7-4FC1-9B0A-AC4E3AA7ACD6}"
EndProject
Project("{9A19103F-16F7-4668-BE54-9A1E7A4F7556}") = "Ex4", "Ex4\Ex4.csproj", "{DBED01D2-F879-461E-90B5-A5EAD04D7872}"
EndProject
Project("{9A19103F-16F7-4668-BE54-9A1E7A4F7556}") = "Ex41dz6", "Ex41dz6\Ex41dz6.csproj", "{CB36BA77-F1AE-4649-B805-61B4F27AB209}"
EndProject
Project("{9A19103F-16F7-4668-BE54-9A1E7A4F7556}") = "Ex43dz6", "Ex43dz6\Ex43dz6.csproj", "{00D4B756-F7DE-4BE4-ABEC-6DD31D01F2CE}"
EndProject
Project("{9A19103F-16F7-4668-BE54-9A1E7A4F7556}") = "Ex47dz7", "Ex47dz7\Ex47dz7.csproj", "{74191F28-1309-4622-B5FC-F114E859F67A}"
EndProject
Project("{9A19103F-16F7-4668-BE54-9A1E7A4F7556}") = "Ex50dz7", "Ex50dz7\Ex50dz7.csproj", "{269A7CA4-DF92-43B8-8976-732E0B5522EE}"
EndProject
Project("{9A19103F-16F7-4668-BE54-9A1E7A4F7556}") = "Ex52dz7", "Ex52dz7\Ex52dz7.csproj", "{84D6DC5A-59D2-4E8B-B84E-E1F5D6EA7684}"
EndProject
Project("{9A19103F-16F7-4668-BE54-9A1E7A4F7556}") = "Ex54dz8", "Ex54dz8\Ex54dz8.csproj", "{B7E47AFA-8092-4079-B218-D3C66CDF1449}"
EndProject
Project("{9A19103F-16F7-4668-BE54-9A1E7A4F7556}") = "Ex56dz8", "Ex56dz8\Ex56dz8.csproj", "{F0EE7E70-C503-4CB0-808B-10FF1E6A5455}"
EndProject
Project("{9A19103F-16F7-4668-BE54-9A1E7A4F7556}") = "Ex58dz8", "Ex58dz8\Ex58dz8.csproj", "{BEC7D2DC-9E52-4D3F-B35A-CB410EF0CE33}"
EndProject
Project("{9A19103F-16F7-4668-BE54-9A1E7A4F7556}") = "Ex6", "Ex6\Ex6.csproj", "{61E14909-953B-496E-8B48-0A3EAA43E4DF}"
EndProject
Project("{9A19103F-16F7-4668-BE54-9A1E7A4F7556}") = "Ex60dz8", "Ex60dz8\Ex60dz8.csproj", "{00A06A49-1E11-4A5E-8B1A-9D2D516736EB}"
EndProject
Project("{9A19103F-16F7-4668-BE54-9A1E7A4F7556}") = "Ex62dz8", "Ex62dz8\Ex62dz8.csproj", "{37F9FA9B-EE88-4E10-9B27-C17983374D01}"
EndProject
Project("{9A19103F-16F7-4668-BE54-9A1E7A4F7556}") = "Ex8", "Ex8\Ex8.csproj", "{EED3D8C1-08C8-4070-8F65-4D72A8CD6FF0}"
EndProject
Global
	GlobalSection(SolutionConfigurationPlatforms) = preSolution
		Debug|Any CPU = Debug|Any CPU
		Release|Any CPU = Release|Any CPU
	EndGlobalSection
	GlobalSection(ProjectConfigurationPlatforms) = postSolution
		{B613AB03-7F95-4E7B-BA3B-54B45C9FBC61}.Debug|Any CPU.ActiveCfg = Debug|Any CPU
		{B613AB03-7F95-4E7B-BA3B-54B45C9FBC61}.Debug|Any CPU.Build.0 = Debug|Any CPU
		{B613AB03-7F95-4E7B-BA3B-54B45C9FBC61}.Release|Any CPU.ActiveCfg = Release|Any CPU
		{B613AB03-7F95-4E7B-BA3B-54B45C9FBC61}.Release|Any CPU.Build.0 = Release|Any CPU
		{2D0506F8-B24E-4903-8296-59E18220BB0A}.Debug|Any CPU.ActiveCfg = Debug|Any CPU
		{2D0506F8-B24E-4903-8296-59E18220BB0A}.Debug|Any CPU.Build.0 = Debug|Any CPU
		{2D0506F8-B24E-4903-8296-59E18220BB0A}.Release|Any CPU.ActiveCfg = Release|Any CPU
		{2D0506F8-B24E-4903-8296-59E18220BB0A}.Release|Any CPU.Build.0 = Release|Any CPU
		{DD8D92BE-FF56-4DC4-8E6F-EEAEBBA4BC13}.Debug|Any CPU.ActiveCfg = Debug|Any CPU
		{DD8D92BE-FF56-4DC4-8E6F-EEAEBBA4BC13}.Debug|Any CPU.Build.0 = Debug|Any CPU
		{DD8D92BE-FF56-4DC4-8E6F-EEAEBBA4BC13}.Release|Any CPU.ActiveCfg = Release|Any CPU
		{DD8D92BE-FF56-4DC4-8E6F-EEAEBBA4BC13}.Release|Any CPU.Build.0 = Release|Any CPU
		{29F5B284-9C48-4939-88C9-3BC3F544C870}.Debug|Any CPU.ActiveCfg = Debug|Any CPU
		{29F5B284-9C48-4939-88C9-3BC3F544C870}.Debug|Any CPU.Build.0 = Debug|Any CPU
		{29F5B284-9C48-4939-88C9-3BC3F544C870}.Release|Any CPU.ActiveCfg = Release|Any CPU
		{29F5B284-9C48-4939-88C9-3BC3F544C870}.Release|Any CPU.Build.0 = Release|Any CPU
		{CC6ADD73-1643-483F-935C-0C1D2315A825}.Debug|Any CPU.ActiveCfg = Debug|Any CPU
		{CC6ADD73-1643-483F-935C-0C1D2315A825}.Debug|Any CPU.Build.0 = Debug|Any CPU
		{CC6ADD73-1643-483F-935C-0C1D2315A825}.Release|Any CPU.ActiveCfg = Release|Any CPU
		{CC6ADD73-1643-483F-935C-0C1D2315A825}.Release|Any CPU.Build.0 = Release|Any CPU
		{90DBE0BC-510F-4BCE-B787-97BE7206ED8D}.Debug|Any CPU.ActiveCfg = Debug|Any CPU
		{90DBE0BC-510F-4BCE-B787-97BE7206ED8D}.Debug|Any CPU.Build.0 = Debug|Any CPU
		{90DBE0BC-510F-4BCE-B787-97BE7206ED8D}.Release|Any CPU.ActiveCfg = Release|Any CPU
		{90DBE0BC-510F-4BCE-B787-97BE7206ED8D}.Release|Any CPU.Build.0 = Release|Any CPU
		{6BCC3BDB-6C62-42F0-AF9D-DFF52705E1AB}.Debug|Any CPU.ActiveCfg = Debug|Any CPU
		{6BCC3BDB-6C62-42F0-AF9D-DFF52705E1AB}.Debug|Any CPU.Build.0 = Debug|Any CPU
		{6BCC3BDB-6C62-42F0-AF9D-DFF52705E1AB}.Release|Any CPU.ActiveCfg = Release|Any CPU
		{6BCC3BDB-6C62-42F0-AF9D-DFF52705E1AB}.Release|Any CPU.Build.0 = Release|Any CPU
		{FB57D23C-4003-4306-A5A7-095FF0D94FB0}.Debug|Any CPU.ActiveCfg = Debug|Any CPU
		{FB57D23C-4003-4306-A5A7-095FF0D94FB0}.Debug|Any CPU.Build.0 = Debug|Any CPU
		{FB57D23C-4003-4306-A5A7-095FF0D94FB0}.Release|Any CPU.ActiveCfg = Release|Any CPU
		{FB57D23C-4003-4306-A5A7-095FF0D94FB0}.Release|Any CPU.Build.0 = Release|Any CPU
		{A10F92C7-88C9-4F93-BBFE-376BEB3AE9EE}.Debug|Any CPU.ActiveCfg = Debug|Any CPU
		{A10F92C7-88C9-4F93-BBFE-376BEB3AE9EE}.Debug|Any CPU.Build.0 = Debug|Any CPU
		{A10F92C7-88C9-4F93-BBFE-376BEB3AE9EE}.Release|Any CPU.ActiveCfg = Release|Any CPU
		{A10F92C7-88C9-4F93-BBFE-376BEB3AE9EE}.Release|Any CPU.Build.0 = Release|Any CPU
		{8AC46C9C-36DC-40C9-9181-9307F8D180BD}.Debug|Any CPU.ActiveCfg = Debug|Any CPU
		{8AC46C9C-36DC-40C9-9181-9307F8D180BD}.Debug|Any CPU.Build.0 = Debug|Any CPU
		{8AC46C9C-36DC-40C9-9181-9307F8D180BD}.Release|Any CPU.ActiveCfg = Release|Any CPU
		{8AC46C9C-36DC-40C9-9181-9307F8D180BD}.Release|Any CPU.Build.0 = Release|Any CPU
		{35A396B6-EFAE-4A2F-A026-AF275B8D3B83}.Debug|Any CPU.ActiveCfg = Debug|Any CPU
		{35A396B6-EFAE-4A2F-A026-AF275B8D3B83}.Debug|Any CPU.Build.0 = Debug|Any CPU
		{35A396B6-EFAE-4A2F-A026-AF275B8D3B83}.Release|Any CPU.ActiveCfg = Release|Any CPU
		{35A396B6-EFAE-4A2F-A026-AF275B8D3B83}.Release|Any CPU.Build.0 = Release|Any CPU
		{45F2906B-158A-4BD4-AF77-0FBDB692556F}.Debug|Any CPU.ActiveCfg = Debug|Any CPU
		{45F2906B-158A-4BD4-AF77-0FBDB692556F}.Debug|Any CPU.Build.0 = Debug|Any CPU
		{45F2906B-158A-4BD4-AF77-0FBDB692556F}.Release|Any CPU.ActiveCfg = Release|Any CPU
		{45F2906B-158A-4BD4-AF77-0FBDB692556F}.Release|Any CPU.Build.0 = Release|Any CPU
		{3128E4C3-7FE7-4FC1-9B0A-AC4E3AA7ACD6}.Debug|Any CPU.ActiveCfg = Debug|Any CPU
		{3128E4C3-7FE7-4FC1-9B0A-AC4E3AA7ACD6}.Debug|Any CPU.Build.0 = Debug|Any CPU
		{3128E4C3-7FE7-4FC1-9B0A-AC4E3AA7ACD6}.Release|Any CPU.ActiveCfg = Release|Any CPU
		{3128E4C3-7FE7-4FC1-9B0A-AC4E3AA7ACD6}.Release|Any CPU.Build.0 = Release|Any CPU
		{DBED01D2-F879-461E-90B5-A5EAD04D7872}.Debug|Any CPU.ActiveCfg = Debug|Any CPU
		{DBED01D2-F879-461E-90B5-A5EAD04D7872}.Debug|Any CPU.Build.0 = Debug|Any CPU
		{DBED01D2-F879-461E-90B5-A5EAD04D7872}.Release|Any CPU.ActiveCfg = Release|Any CPU
		{DBED01D2-F879-461E-90B5-A5EAD04D7872}.Release|Any CPU.Build.0 = Release|Any CPU
		{CB36BA77-F1AE-4649-B805-61B4F27AB209}.Debug|Any CPU.ActiveCfg = Debug|Any CPU
		{CB36BA77-F1AE-4649-B805-61B4F27AB209}.Debug|Any CPU.Build.0 = Debug|Any CPU
		{CB36BA77-F1AE-4649-B805-61B4F27AB209}.Release|Any CPU.ActiveCfg = Release|Any CPU
		{CB36BA77-F1AE-4649-B805-61B4F27AB209}.Release|Any CPU.Build.0 = Release|Any CPU
		{00D4B756-F7DE-4BE4-ABEC-6DD31D01F2CE}.Debug|Any CPU.ActiveCfg = Debug|Any CPU
		{00D4B756-F7DE-4BE4-ABEC-6DD31D01F2CE}.Debug|Any CPU.Build.0 = Debug|Any CPU
		{00D4B756-F7DE-4BE4-ABEC-6DD31D01F2CE}.Release|Any CPU.ActiveCfg = Release|Any CPU
		{00D4B756-F7DE-4BE4-ABEC-6DD31D01F2CE}.Release|Any CPU.Build.0 = Release|Any CPU
		{74191F28-1309-4622-B5FC-F114E859F67A}.Debug|Any CPU.ActiveCfg = Debug|Any CPU
		{74191F28-1309-4622-B5FC-F114E859F67A}.Debug|Any CPU.Build.0 = Debug|Any CPU
		{74191F28-1309-4622-B5FC-F114E859F67A}.Release|Any CPU.ActiveCfg = Release|Any CPU
		{74191F28-1309-4622-B5FC-F114E859F67A}.Release|Any CPU.Build.0 = Release|Any CPU
		{269A7CA4-DF92-43B8-8976-732E0B5522EE}.Debug|Any CPU.ActiveCfg = Debug|Any CPU
		{269A7CA4-DF92-43B8-8976-732E0B5522EE}.Debug|Any CPU.Build.0 = Debug|Any CPU
		{269A7CA4-DF92-43B8-8976-732E0B5522EE}.Release|Any CPU.ActiveCfg = Release|Any CPU
		{269A7CA4-DF92-43B8-8976-732E0B5522EE}.Release|Any CPU.Build.0 = Release|Any CPU
		{84D6DC5A-59D2-4E8B-B84E-E1F5D6EA7684}.Debug|Any CPU.ActiveCfg = Debug|Any CPU
		{84D6DC5A-59D2-4E8B-B84E-E1F5D6EA7684}.Debug|Any CPU.Build.0 = Debug|Any CPU
		{84D6DC5A-59D2-4E8B-B84E-E1F5D6EA7684}.Release|Any CPU.ActiveCfg = Release|Any CPU
		{84D6DC5A-59D2-4E8B-B84E-E1F5D6EA7684}.Release|Any CPU.Build.0 = Release|Any CPU
		{B7E47AFA-8092-4079-B218-D3C66CDF1449}.Debug|Any CPU.ActiveCfg = Debug|Any CPU
		{B7E47AFA-8092-4079-B218-D3C66CDF1449}.Debug|Any CPU.Build.0 = Debug|Any CPU
		{B7E47AFA-8092-4079-B218-D3C66CDF1449}.Release|Any CPU.ActiveCfg = Release|Any CPU
		{B7E47AFA-8092-4079-B218-D3C66CDF1449}.Release|Any CPU.Build.0 = Release|Any CPU
		{F0EE7E70-C503-4CB0-808B-10FF1E6A5455}.Debug|Any CPU.ActiveCfg = Debug|Any CPU
		{F0EE7E70-C503-4CB0-808B-10FF1E6A5455}.Debug|Any CPU.Build.0 = Debug|Any CPU
		{F0EE7E70-C503-4CB0-808B-10FF1E6A5455}.Release|Any CPU.ActiveCfg = Release|Any CPU
		{F0EE7E70-C503-4CB0-808B-10FF1E6A5455}.Release|Any CPU.Build.0 = Release|Any CPU
		{BEC7D2DC-9E52-4D3F-B35A-CB410EF0CE33}.Debug|Any CPU.ActiveCfg = Debug|Any CPU
		{BEC7D2DC-9E52-4D3F-B35A-CB410EF0CE33}.Debug|Any CPU.Build.0 = Debug|Any CPU
		{BEC7D2DC-9E52-4D3F-B35A-CB410EF0CE33}.Release|Any CPU.ActiveCfg = Release|Any CPU
		{BEC7D2DC-9E52-4D3F-B35A-CB410EF0CE33}.Release|Any CPU.Build.0 = Release|Any CPU
		{61E14909-953B-496E-8B48-0A3EAA43E4DF}.Debug|Any CPU.ActiveCfg = Debug|Any CPU
		{61E14909-953B-496E-8B48-0A3EAA43E4DF}.Debug|Any CPU.Build.0 = Debug|Any CPU
		{61E14909-953B-496E-8B48-0A3EAA43E4DF}.Release|Any CPU.ActiveCfg = Release|Any CPU
		{61E14909-953B-496E-8B48-0A3EAA43E4DF}.Release|Any CPU.Build.0 = Release|Any CPU
		{00A06A49-1E11-4A5E-8B1A-9D2D516736EB}.Debug|Any CPU.ActiveCfg = Debug|Any CPU
		{00A06A49-1E11-4A5E-8B1A-9D2D516736EB}.Debug|Any CPU.Build.0 = Debug|Any CPU
		{00A06A49-1E11-4A5E-8B1A-9D2D516736EB}.Release|Any CPU.ActiveCfg = Release|Any CPU
		{00A06A49-1E11-4A5E-8B1A-9D2D516736EB}.Release|Any CPU.Build.0 = Release|Any CPU
		{37F9FA9B-EE88-4E10-9B27-C17983374D01}.Debug|Any CPU.ActiveCfg = Debug|Any CPU
		{37F9FA9B-EE88-4E10-9B27-C17983374D01}.Debug|Any CPU.Build.0 = Debug|Any CPU
		{37F9FA9B-EE88-4E10-9B27-C17983374D01}.Release|Any CPU.ActiveCfg = Release|Any CPU
		{37F9FA9B-EE88-4E10-9B27-C17983374D01}.Release|Any CPU.Build.0 = Release|Any CPU
		{EED3D8C1-08C8-4070-8F65-4D72A8CD6FF0}.Debug|Any CPU.ActiveCfg = Debug|Any CPU
		{EED3D8C1-08C8-4070-8F65-4D72A8CD6FF0}.Debug|Any CPU.Build.0 = Debug|Any CPU
		{EED3D8C1-08C8-4070-8F65-4D72A8CD6FF0}.Release|Any CPU.ActiveCfg = Release|Any CPU
		{EED3D8C1-08C8-4070-8F65-4D72A8CD6FF0}.Release|Any CPU.Build.0 = Release|Any CPU
	EndGlobalSection
	GlobalSection(SolutionProperties) = preSolution
		HideSolutionNode = FALSE
	EndGlobalSection
	GlobalSection(ExtensibilityGlobals) = postSolution
		SolutionGuid = {537C3EC5-0A5C-4E36-B74A-3268408A2903}
	EndGlobalSection
EndGlobal
